
Microsoft Visual Studio Solution File, Format Version 12.00
# Visual Studio Version 17
VisualStudioVersion = 17.6.33717.318
MinimumVisualStudioVersion = 10.0.40219.1
Project("{FAE04EC0-301F-11D3-BF4B-00C04F79EFBC}") = "MilesCarRental", "MilesCarRental.csproj", "{6D2B742F-F213-43A6-9C87-646D86847A51}"
EndProject
Project("{FAE04EC0-301F-11D3-BF4B-00C04F79EFBC}") = "Entities", "..\Entities\Entities.csproj", "{BFE8E744-79F8-40BC-9FD3-49A68EAEDF5F}"
EndProject
Project("{FAE04EC0-301F-11D3-BF4B-00C04F79EFBC}") = "DataAccess", "..\DataAccess\DataAccess.csproj", "{BD251534-EEAD-4260-93AD-8F9A38CF8E6C}"
EndProject
Global
	GlobalSection(SolutionConfigurationPlatforms) = preSolution
		Debug|Any CPU = Debug|Any CPU
		Release|Any CPU = Release|Any CPU
	EndGlobalSection
	GlobalSection(ProjectConfigurationPlatforms) = postSolution
		{6D2B742F-F213-43A6-9C87-646D86847A51}.Debug|Any CPU.ActiveCfg = Debug|Any CPU
		{6D2B742F-F213-43A6-9C87-646D86847A51}.Debug|Any CPU.Build.0 = Debug|Any CPU
		{6D2B742F-F213-43A6-9C87-646D86847A51}.Release|Any CPU.ActiveCfg = Release|Any CPU
		{6D2B742F-F213-43A6-9C87-646D86847A51}.Release|Any CPU.Build.0 = Release|Any CPU
		{BFE8E744-79F8-40BC-9FD3-49A68EAEDF5F}.Debug|Any CPU.ActiveCfg = Debug|Any CPU
		{BFE8E744-79F8-40BC-9FD3-49A68EAEDF5F}.Debug|Any CPU.Build.0 = Debug|Any CPU
		{BFE8E744-79F8-40BC-9FD3-49A68EAEDF5F}.Release|Any CPU.ActiveCfg = Release|Any CPU
		{BFE8E744-79F8-40BC-9FD3-49A68EAEDF5F}.Release|Any CPU.Build.0 = Release|Any CPU
		{BD251534-EEAD-4260-93AD-8F9A38CF8E6C}.Debug|Any CPU.ActiveCfg = Debug|Any CPU
		{BD251534-EEAD-4260-93AD-8F9A38CF8E6C}.Debug|Any CPU.Build.0 = Debug|Any CPU
		{BD251534-EEAD-4260-93AD-8F9A38CF8E6C}.Release|Any CPU.ActiveCfg = Release|Any CPU
		{BD251534-EEAD-4260-93AD-8F9A38CF8E6C}.Release|Any CPU.Build.0 = Release|Any CPU
	EndGlobalSection
	GlobalSection(SolutionProperties) = preSolution
		HideSolutionNode = FALSE
	EndGlobalSection
	GlobalSection(ExtensibilityGlobals) = postSolution
		SolutionGuid = {B2D4F6A7-8B14-43D5-94F1-0CF9D1BBC25E}
	EndGlobalSection
EndGlobal
